// !$*UTF8*$!
{
	archiveVersion = 1;
	classes = {
	};
	objectVersion = 56;
	objects = {

/* Begin PBXBuildFile section */
		3B244C632B62BD5F007D711F /* Sesi4StateBindingApp.swift in Sources */ = {isa = PBXBuildFile; fileRef = 3B244C622B62BD5F007D711F /* Sesi4StateBindingApp.swift */; };
		3B244C6A2B62BD62007D711F /* Preview Assets.xcassets in Resources */ = {isa = PBXBuildFile; fileRef = 3B244C692B62BD62007D711F /* Preview Assets.xcassets */; };
		3B244C892B62BD8A007D711F /* LaunchScreen.storyboard in Resources */ = {isa = PBXBuildFile; fileRef = 3B244C732B62BD89007D711F /* LaunchScreen.storyboard */; };
		3B244C8B2B62BD8A007D711F /* Assets.xcassets in Resources */ = {isa = PBXBuildFile; fileRef = 3B244C752B62BD89007D711F /* Assets.xcassets */; };
		3B244C8C2B62BD8A007D711F /* Inter-Medium.ttf in Resources */ = {isa = PBXBuildFile; fileRef = 3B244C772B62BD89007D711F /* Inter-Medium.ttf */; };
		3B244C8D2B62BD8A007D711F /* Inter-Light.ttf in Resources */ = {isa = PBXBuildFile; fileRef = 3B244C782B62BD89007D711F /* Inter-Light.ttf */; };
		3B244C8E2B62BD8A007D711F /* Inter-Thin.ttf in Resources */ = {isa = PBXBuildFile; fileRef = 3B244C792B62BD89007D711F /* Inter-Thin.ttf */; };
		3B244C8F2B62BD8A007D711F /* Inter-Bold.ttf in Resources */ = {isa = PBXBuildFile; fileRef = 3B244C7A2B62BD89007D711F /* Inter-Bold.ttf */; };
		3B244C902B62BD8A007D711F /* Inter-Regular.ttf in Resources */ = {isa = PBXBuildFile; fileRef = 3B244C7B2B62BD89007D711F /* Inter-Regular.ttf */; };
		3B244C912B62BD8A007D711F /* Inter-ExtraBold.ttf in Resources */ = {isa = PBXBuildFile; fileRef = 3B244C7C2B62BD89007D711F /* Inter-ExtraBold.ttf */; };
		3B244C922B62BD8A007D711F /* Inter-ExtraLight.ttf in Resources */ = {isa = PBXBuildFile; fileRef = 3B244C7D2B62BD89007D711F /* Inter-ExtraLight.ttf */; };
		3B244C932B62BD8A007D711F /* Inter-Black.ttf in Resources */ = {isa = PBXBuildFile; fileRef = 3B244C7E2B62BD89007D711F /* Inter-Black.ttf */; };
		3B244C942B62BD8A007D711F /* Inter-SemiBold.ttf in Resources */ = {isa = PBXBuildFile; fileRef = 3B244C7F2B62BD89007D711F /* Inter-SemiBold.ttf */; };
		3B244C952B62BD8A007D711F /* Onboarding.swift in Sources */ = {isa = PBXBuildFile; fileRef = 3B244C812B62BD8A007D711F /* Onboarding.swift */; };
		3B244C962B62BD8A007D711F /* OnboardingSingleView.swift in Sources */ = {isa = PBXBuildFile; fileRef = 3B244C842B62BD8A007D711F /* OnboardingSingleView.swift */; };
		3B244C972B62BD8A007D711F /* CustomDotIndicator.swift in Sources */ = {isa = PBXBuildFile; fileRef = 3B244C852B62BD8A007D711F /* CustomDotIndicator.swift */; };
		3B244C982B62BD8A007D711F /* OnboardingView.swift in Sources */ = {isa = PBXBuildFile; fileRef = 3B244C862B62BD8A007D711F /* OnboardingView.swift */; };
		3B244C992B62BD8A007D711F /* ContentView.swift in Sources */ = {isa = PBXBuildFile; fileRef = 3B244C872B62BD8A007D711F /* ContentView.swift */; };
		3B244C9B2B62BEE2007D711F /* OnboardingTwo.swift in Sources */ = {isa = PBXBuildFile; fileRef = 3B244C9A2B62BEE2007D711F /* OnboardingTwo.swift */; };
/* End PBXBuildFile section */

/* Begin PBXFileReference section */
		3B244C5F2B62BD5F007D711F /* Sesi4StateBinding.app */ = {isa = PBXFileReference; explicitFileType = wrapper.application; includeInIndex = 0; path = Sesi4StateBinding.app; sourceTree = BUILT_PRODUCTS_DIR; };
		3B244C622B62BD5F007D711F /* Sesi4StateBindingApp.swift */ = {isa = PBXFileReference; lastKnownFileType = sourcecode.swift; path = Sesi4StateBindingApp.swift; sourceTree = "<group>"; };
		3B244C692B62BD62007D711F /* Preview Assets.xcassets */ = {isa = PBXFileReference; lastKnownFileType = folder.assetcatalog; path = "Preview Assets.xcassets"; sourceTree = "<group>"; };
		3B244C732B62BD89007D711F /* LaunchScreen.storyboard */ = {isa = PBXFileReference; fileEncoding = 4; lastKnownFileType = file.storyboard; path = LaunchScreen.storyboard; sourceTree = "<group>"; };
		3B244C752B62BD89007D711F /* Assets.xcassets */ = {isa = PBXFileReference; lastKnownFileType = folder.assetcatalog; path = Assets.xcassets; sourceTree = "<group>"; };
		3B244C772B62BD89007D711F /* Inter-Medium.ttf */ = {isa = PBXFileReference; lastKnownFileType = file; path = "Inter-Medium.ttf"; sourceTree = "<group>"; };
		3B244C782B62BD89007D711F /* Inter-Light.ttf */ = {isa = PBXFileReference; lastKnownFileType = file; path = "Inter-Light.ttf"; sourceTree = "<group>"; };
		3B244C792B62BD89007D711F /* Inter-Thin.ttf */ = {isa = PBXFileReference; lastKnownFileType = file; path = "Inter-Thin.ttf"; sourceTree = "<group>"; };
		3B244C7A2B62BD89007D711F /* Inter-Bold.ttf */ = {isa = PBXFileReference; lastKnownFileType = file; path = "Inter-Bold.ttf"; sourceTree = "<group>"; };
		3B244C7B2B62BD89007D711F /* Inter-Regular.ttf */ = {isa = PBXFileReference; lastKnownFileType = file; path = "Inter-Regular.ttf"; sourceTree = "<group>"; };
		3B244C7C2B62BD89007D711F /* Inter-ExtraBold.ttf */ = {isa = PBXFileReference; lastKnownFileType = file; path = "Inter-ExtraBold.ttf"; sourceTree = "<group>"; };
		3B244C7D2B62BD89007D711F /* Inter-ExtraLight.ttf */ = {isa = PBXFileReference; lastKnownFileType = file; path = "Inter-ExtraLight.ttf"; sourceTree = "<group>"; };
		3B244C7E2B62BD89007D711F /* Inter-Black.ttf */ = {isa = PBXFileReference; lastKnownFileType = file; path = "Inter-Black.ttf"; sourceTree = "<group>"; };
		3B244C7F2B62BD89007D711F /* Inter-SemiBold.ttf */ = {isa = PBXFileReference; lastKnownFileType = file; path = "Inter-SemiBold.ttf"; sourceTree = "<group>"; };
		3B244C812B62BD8A007D711F /* Onboarding.swift */ = {isa = PBXFileReference; fileEncoding = 4; lastKnownFileType = sourcecode.swift; path = Onboarding.swift; sourceTree = "<group>"; };
		3B244C842B62BD8A007D711F /* OnboardingSingleView.swift */ = {isa = PBXFileReference; fileEncoding = 4; lastKnownFileType = sourcecode.swift; path = OnboardingSingleView.swift; sourceTree = "<group>"; };
		3B244C852B62BD8A007D711F /* CustomDotIndicator.swift */ = {isa = PBXFileReference; fileEncoding = 4; lastKnownFileType = sourcecode.swift; path = CustomDotIndicator.swift; sourceTree = "<group>"; };
		3B244C862B62BD8A007D711F /* OnboardingView.swift */ = {isa = PBXFileReference; fileEncoding = 4; lastKnownFileType = sourcecode.swift; path = OnboardingView.swift; sourceTree = "<group>"; };
		3B244C872B62BD8A007D711F /* ContentView.swift */ = {isa = PBXFileReference; fileEncoding = 4; lastKnownFileType = sourcecode.swift; path = ContentView.swift; sourceTree = "<group>"; };
		3B244C9A2B62BEE2007D711F /* OnboardingTwo.swift */ = {isa = PBXFileReference; lastKnownFileType = sourcecode.swift; path = OnboardingTwo.swift; sourceTree = "<group>"; };
/* End PBXFileReference section */

/* Begin PBXFrameworksBuildPhase section */
		3B244C5C2B62BD5F007D711F /* Frameworks */ = {
			isa = PBXFrameworksBuildPhase;
			buildActionMask = 2147483647;
			files = (
			);
			runOnlyForDeploymentPostprocessing = 0;
		};
/* End PBXFrameworksBuildPhase section */

/* Begin PBXGroup section */
		3B244C562B62BD5F007D711F = {
			isa = PBXGroup;
			children = (
				3B244C612B62BD5F007D711F /* Sesi4StateBinding */,
				3B244C602B62BD5F007D711F /* Products */,
			);
			sourceTree = "<group>";
		};
		3B244C602B62BD5F007D711F /* Products */ = {
			isa = PBXGroup;
			children = (
				3B244C5F2B62BD5F007D711F /* Sesi4StateBinding.app */,
			);
			name = Products;
			sourceTree = "<group>";
		};
		3B244C612B62BD5F007D711F /* Sesi4StateBinding */ = {
			isa = PBXGroup;
			children = (
				3B244C702B62BD87007D711F /* App */,
				3B244C802B62BD8A007D711F /* Model */,
				3B244C722B62BD89007D711F /* Resources */,
				3B244C822B62BD8A007D711F /* Views */,
				3B244C682B62BD62007D711F /* Preview Content */,
			);
			path = Sesi4StateBinding;
			sourceTree = "<group>";
		};
		3B244C682B62BD62007D711F /* Preview Content */ = {
			isa = PBXGroup;
			children = (
				3B244C692B62BD62007D711F /* Preview Assets.xcassets */,
			);
			path = "Preview Content";
			sourceTree = "<group>";
		};
		3B244C702B62BD87007D711F /* App */ = {
			isa = PBXGroup;
			children = (
				3B244C622B62BD5F007D711F /* Sesi4StateBindingApp.swift */,
			);
			path = App;
			sourceTree = "<group>";
		};
		3B244C722B62BD89007D711F /* Resources */ = {
			isa = PBXGroup;
			children = (
				3B244C732B62BD89007D711F /* LaunchScreen.storyboard */,
				3B244C752B62BD89007D711F /* Assets.xcassets */,
				3B244C762B62BD89007D711F /* Fonts */,
			);
			path = Resources;
			sourceTree = "<group>";
		};
		3B244C762B62BD89007D711F /* Fonts */ = {
			isa = PBXGroup;
			children = (
				3B244C772B62BD89007D711F /* Inter-Medium.ttf */,
				3B244C782B62BD89007D711F /* Inter-Light.ttf */,
				3B244C792B62BD89007D711F /* Inter-Thin.ttf */,
				3B244C7A2B62BD89007D711F /* Inter-Bold.ttf */,
				3B244C7B2B62BD89007D711F /* Inter-Regular.ttf */,
				3B244C7C2B62BD89007D711F /* Inter-ExtraBold.ttf */,
				3B244C7D2B62BD89007D711F /* Inter-ExtraLight.ttf */,
				3B244C7E2B62BD89007D711F /* Inter-Black.ttf */,
				3B244C7F2B62BD89007D711F /* Inter-SemiBold.ttf */,
			);
			path = Fonts;
			sourceTree = "<group>";
		};
		3B244C802B62BD8A007D711F /* Model */ = {
			isa = PBXGroup;
			children = (
				3B244C812B62BD8A007D711F /* Onboarding.swift */,
				3B244C9A2B62BEE2007D711F /* OnboardingTwo.swift */,
			);
			path = Model;
			sourceTree = "<group>";
		};
		3B244C822B62BD8A007D711F /* Views */ = {
			isa = PBXGroup;
			children = (
				3B244C832B62BD8A007D711F /* Subviews */,
				3B244C862B62BD8A007D711F /* OnboardingView.swift */,
				3B244C872B62BD8A007D711F /* ContentView.swift */,
			);
			path = Views;
			sourceTree = "<group>";
		};
		3B244C832B62BD8A007D711F /* Subviews */ = {
			isa = PBXGroup;
			children = (
				3B244C842B62BD8A007D711F /* OnboardingSingleView.swift */,
				3B244C852B62BD8A007D711F /* CustomDotIndicator.swift */,
			);
			path = Subviews;
			sourceTree = "<group>";
		};
/* End PBXGroup section */

/* Begin PBXNativeTarget section */
		3B244C5E2B62BD5F007D711F /* Sesi4StateBinding */ = {
			isa = PBXNativeTarget;
			buildConfigurationList = 3B244C6D2B62BD62007D711F /* Build configuration list for PBXNativeTarget "Sesi4StateBinding" */;
			buildPhases = (
				3B244C5B2B62BD5F007D711F /* Sources */,
				3B244C5C2B62BD5F007D711F /* Frameworks */,
				3B244C5D2B62BD5F007D711F /* Resources */,
			);
			buildRules = (
			);
			dependencies = (
			);
			name = Sesi4StateBinding;
			productName = Sesi4StateBinding;
			productReference = 3B244C5F2B62BD5F007D711F /* Sesi4StateBinding.app */;
			productType = "com.apple.product-type.application";
		};
/* End PBXNativeTarget section */

/* Begin PBXProject section */
		3B244C572B62BD5F007D711F /* Project object */ = {
			isa = PBXProject;
			attributes = {
				BuildIndependentTargetsInParallel = 1;
				LastSwiftUpdateCheck = 1510;
				LastUpgradeCheck = 1510;
				TargetAttributes = {
					3B244C5E2B62BD5F007D711F = {
						CreatedOnToolsVersion = 15.1;
					};
				};
			};
			buildConfigurationList = 3B244C5A2B62BD5F007D711F /* Build configuration list for PBXProject "Sesi4StateBinding" */;
			compatibilityVersion = "Xcode 14.0";
			developmentRegion = en;
			hasScannedForEncodings = 0;
			knownRegions = (
				en,
				Base,
			);
			mainGroup = 3B244C562B62BD5F007D711F;
			productRefGroup = 3B244C602B62BD5F007D711F /* Products */;
			projectDirPath = "";
			projectRoot = "";
			targets = (
				3B244C5E2B62BD5F007D711F /* Sesi4StateBinding */,
			);
		};
/* End PBXProject section */

/* Begin PBXResourcesBuildPhase section */
		3B244C5D2B62BD5F007D711F /* Resources */ = {
			isa = PBXResourcesBuildPhase;
			buildActionMask = 2147483647;
			files = (
				3B244C892B62BD8A007D711F /* LaunchScreen.storyboard in Resources */,
				3B244C912B62BD8A007D711F /* Inter-ExtraBold.ttf in Resources */,
				3B244C8C2B62BD8A007D711F /* Inter-Medium.ttf in Resources */,
				3B244C8F2B62BD8A007D711F /* Inter-Bold.ttf in Resources */,
				3B244C6A2B62BD62007D711F /* Preview Assets.xcassets in Resources */,
				3B244C942B62BD8A007D711F /* Inter-SemiBold.ttf in Resources */,
				3B244C932B62BD8A007D711F /* Inter-Black.ttf in Resources */,
				3B244C8E2B62BD8A007D711F /* Inter-Thin.ttf in Resources */,
				3B244C922B62BD8A007D711F /* Inter-ExtraLight.ttf in Resources */,
				3B244C902B62BD8A007D711F /* Inter-Regular.ttf in Resources */,
				3B244C8B2B62BD8A007D711F /* Assets.xcassets in Resources */,
				3B244C8D2B62BD8A007D711F /* Inter-Light.ttf in Resources */,
			);
			runOnlyForDeploymentPostprocessing = 0;
		};
/* End PBXResourcesBuildPhase section */

/* Begin PBXSourcesBuildPhase section */
		3B244C5B2B62BD5F007D711F /* Sources */ = {
			isa = PBXSourcesBuildPhase;
			buildActionMask = 2147483647;
			files = (
				3B244C632B62BD5F007D711F /* Sesi4StateBindingApp.swift in Sources */,
				3B244C992B62BD8A007D711F /* ContentView.swift in Sources */,
				3B244C972B62BD8A007D711F /* CustomDotIndicator.swift in Sources */,
				3B244C952B62BD8A007D711F /* Onboarding.swift in Sources */,
				3B244C9B2B62BEE2007D711F /* OnboardingTwo.swift in Sources */,
				3B244C962B62BD8A007D711F /* OnboardingSingleView.swift in Sources */,
				3B244C982B62BD8A007D711F /* OnboardingView.swift in Sources */,
			);
			runOnlyForDeploymentPostprocessing = 0;
		};
/* End PBXSourcesBuildPhase section */

/* Begin XCBuildConfiguration section */
		3B244C6B2B62BD62007D711F /* Debug */ = {
			isa = XCBuildConfiguration;
			buildSettings = {
				ALWAYS_SEARCH_USER_PATHS = NO;
				ASSETCATALOG_COMPILER_GENERATE_SWIFT_ASSET_SYMBOL_EXTENSIONS = YES;
				CLANG_ANALYZER_NONNULL = YES;
				CLANG_ANALYZER_NUMBER_OBJECT_CONVERSION = YES_AGGRESSIVE;
				CLANG_CXX_LANGUAGE_STANDARD = "gnu++20";
				CLANG_ENABLE_MODULES = YES;
				CLANG_ENABLE_OBJC_ARC = YES;
				CLANG_ENABLE_OBJC_WEAK = YES;
				CLANG_WARN_BLOCK_CAPTURE_AUTORELEASING = YES;
				CLANG_WARN_BOOL_CONVERSION = YES;
				CLANG_WARN_COMMA = YES;
				CLANG_WARN_CONSTANT_CONVERSION = YES;
				CLANG_WARN_DEPRECATED_OBJC_IMPLEMENTATIONS = YES;
				CLANG_WARN_DIRECT_OBJC_ISA_USAGE = YES_ERROR;
				CLANG_WARN_DOCUMENTATION_COMMENTS = YES;
				CLANG_WARN_EMPTY_BODY = YES;
				CLANG_WARN_ENUM_CONVERSION = YES;
				CLANG_WARN_INFINITE_RECURSION = YES;
				CLANG_WARN_INT_CONVERSION = YES;
				CLANG_WARN_NON_LITERAL_NULL_CONVERSION = YES;
				CLANG_WARN_OBJC_IMPLICIT_RETAIN_SELF = YES;
				CLANG_WARN_OBJC_LITERAL_CONVERSION = YES;
				CLANG_WARN_OBJC_ROOT_CLASS = YES_ERROR;
				CLANG_WARN_QUOTED_INCLUDE_IN_FRAMEWORK_HEADER = YES;
				CLANG_WARN_RANGE_LOOP_ANALYSIS = YES;
				CLANG_WARN_STRICT_PROTOTYPES = YES;
				CLANG_WARN_SUSPICIOUS_MOVE = YES;
				CLANG_WARN_UNGUARDED_AVAILABILITY = YES_AGGRESSIVE;
				CLANG_WARN_UNREACHABLE_CODE = YES;
				CLANG_WARN__DUPLICATE_METHOD_MATCH = YES;
				COPY_PHASE_STRIP = NO;
				DEBUG_INFORMATION_FORMAT = dwarf;
				ENABLE_STRICT_OBJC_MSGSEND = YES;
				ENABLE_TESTABILITY = YES;
				ENABLE_USER_SCRIPT_SANDBOXING = YES;
				GCC_C_LANGUAGE_STANDARD = gnu17;
				GCC_DYNAMIC_NO_PIC = NO;
				GCC_NO_COMMON_BLOCKS = YES;
				GCC_OPTIMIZATION_LEVEL = 0;
				GCC_PREPROCESSOR_DEFINITIONS = (
					"DEBUG=1",
					"$(inherited)",
				);
				GCC_WARN_64_TO_32_BIT_CONVERSION = YES;
				GCC_WARN_ABOUT_RETURN_TYPE = YES_ERROR;
				GCC_WARN_UNDECLARED_SELECTOR = YES;
				GCC_WARN_UNINITIALIZED_AUTOS = YES_AGGRESSIVE;
				GCC_WARN_UNUSED_FUNCTION = YES;
				GCC_WARN_UNUSED_VARIABLE = YES;
				IPHONEOS_DEPLOYMENT_TARGET = 17.2;
				LOCALIZATION_PREFERS_STRING_CATALOGS = YES;
				MTL_ENABLE_DEBUG_INFO = INCLUDE_SOURCE;
				MTL_FAST_MATH = YES;
				ONLY_ACTIVE_ARCH = YES;
				SDKROOT = iphoneos;
				SWIFT_ACTIVE_COMPILATION_CONDITIONS = "DEBUG $(inherited)";
				SWIFT_OPTIMIZATION_LEVEL = "-Onone";
			};
			name = Debug;
		};
		3B244C6C2B62BD62007D711F /* Release */ = {
			isa = XCBuildConfiguration;
			buildSettings = {
				ALWAYS_SEARCH_USER_PATHS = NO;
				ASSETCATALOG_COMPILER_GENERATE_SWIFT_ASSET_SYMBOL_EXTENSIONS = YES;
				CLANG_ANALYZER_NONNULL = YES;
				CLANG_ANALYZER_NUMBER_OBJECT_CONVERSION = YES_AGGRESSIVE;
				CLANG_CXX_LANGUAGE_STANDARD = "gnu++20";
				CLANG_ENABLE_MODULES = YES;
				CLANG_ENABLE_OBJC_ARC = YES;
				CLANG_ENABLE_OBJC_WEAK = YES;
				CLANG_WARN_BLOCK_CAPTURE_AUTORELEASING = YES;
				CLANG_WARN_BOOL_CONVERSION = YES;
				CLANG_WARN_COMMA = YES;
				CLANG_WARN_CONSTANT_CONVERSION = YES;
				CLANG_WARN_DEPRECATED_OBJC_IMPLEMENTATIONS = YES;
				CLANG_WARN_DIRECT_OBJC_ISA_USAGE = YES_ERROR;
				CLANG_WARN_DOCUMENTATION_COMMENTS = YES;
				CLANG_WARN_EMPTY_BODY = YES;
				CLANG_WARN_ENUM_CONVERSION = YES;
				CLANG_WARN_INFINITE_RECURSION = YES;
				CLANG_WARN_INT_CONVERSION = YES;
				CLANG_WARN_NON_LITERAL_NULL_CONVERSION = YES;
				CLANG_WARN_OBJC_IMPLICIT_RETAIN_SELF = YES;
				CLANG_WARN_OBJC_LITERAL_CONVERSION = YES;
				CLANG_WARN_OBJC_ROOT_CLASS = YES_ERROR;
				CLANG_WARN_QUOTED_INCLUDE_IN_FRAMEWORK_HEADER = YES;
				CLANG_WARN_RANGE_LOOP_ANALYSIS = YES;
				CLANG_WARN_STRICT_PROTOTYPES = YES;
				CLANG_WARN_SUSPICIOUS_MOVE = YES;
				CLANG_WARN_UNGUARDED_AVAILABILITY = YES_AGGRESSIVE;
				CLANG_WARN_UNREACHABLE_CODE = YES;
				CLANG_WARN__DUPLICATE_METHOD_MATCH = YES;
				COPY_PHASE_STRIP = NO;
				DEBUG_INFORMATION_FORMAT = "dwarf-with-dsym";
				ENABLE_NS_ASSERTIONS = NO;
				ENABLE_STRICT_OBJC_MSGSEND = YES;
				ENABLE_USER_SCRIPT_SANDBOXING = YES;
				GCC_C_LANGUAGE_STANDARD = gnu17;
				GCC_NO_COMMON_BLOCKS = YES;
				GCC_WARN_64_TO_32_BIT_CONVERSION = YES;
				GCC_WARN_ABOUT_RETURN_TYPE = YES_ERROR;
				GCC_WARN_UNDECLARED_SELECTOR = YES;
				GCC_WARN_UNINITIALIZED_AUTOS = YES_AGGRESSIVE;
				GCC_WARN_UNUSED_FUNCTION = YES;
				GCC_WARN_UNUSED_VARIABLE = YES;
				IPHONEOS_DEPLOYMENT_TARGET = 17.2;
				LOCALIZATION_PREFERS_STRING_CATALOGS = YES;
				MTL_ENABLE_DEBUG_INFO = NO;
				MTL_FAST_MATH = YES;
				SDKROOT = iphoneos;
				SWIFT_COMPILATION_MODE = wholemodule;
				VALIDATE_PRODUCT = YES;
			};
			name = Release;
		};
		3B244C6E2B62BD62007D711F /* Debug */ = {
			isa = XCBuildConfiguration;
			buildSettings = {
				ASSETCATALOG_COMPILER_APPICON_NAME = AppIcon;
				ASSETCATALOG_COMPILER_GLOBAL_ACCENT_COLOR_NAME = AccentColor;
				CODE_SIGN_STYLE = Automatic;
				CURRENT_PROJECT_VERSION = 1;
				DEVELOPMENT_ASSET_PATHS = "\"Sesi4StateBinding/Preview Content\"";
				DEVELOPMENT_TEAM = 2LV65ZKNC2;
				ENABLE_PREVIEWS = YES;
				GENERATE_INFOPLIST_FILE = YES;
				INFOPLIST_KEY_UIApplicationSceneManifest_Generation = YES;
				INFOPLIST_KEY_UIApplicationSupportsIndirectInputEvents = YES;
				INFOPLIST_KEY_UILaunchScreen_Generation = YES;
				INFOPLIST_KEY_UISupportedInterfaceOrientations_iPad = "UIInterfaceOrientationPortrait UIInterfaceOrientationPortraitUpsideDown UIInterfaceOrientationLandscapeLeft UIInterfaceOrientationLandscapeRight";
				INFOPLIST_KEY_UISupportedInterfaceOrientations_iPhone = "UIInterfaceOrientationPortrait UIInterfaceOrientationLandscapeLeft UIInterfaceOrientationLandscapeRight";
				LD_RUNPATH_SEARCH_PATHS = (
					"$(inherited)",
					"@executable_path/Frameworks",
				);
				MARKETING_VERSION = 1.0;
				PRODUCT_BUNDLE_IDENTIFIER = com.adityahimaone.Sesi4StateBinding;
				PRODUCT_NAME = "$(TARGET_NAME)";
				SWIFT_EMIT_LOC_STRINGS = YES;
				SWIFT_VERSION = 5.0;
				TARGETED_DEVICE_FAMILY = "1,2";
			};
			name = Debug;
		};
		3B244C6F2B62BD62007D711F /* Release */ = {
			isa = XCBuildConfiguration;
			buildSettings = {
				ASSETCATALOG_COMPILER_APPICON_NAME = AppIcon;
				ASSETCATALOG_COMPILER_GLOBAL_ACCENT_COLOR_NAME = AccentColor;
				CODE_SIGN_STYLE = Automatic;
				CURRENT_PROJECT_VERSION = 1;
				DEVELOPMENT_ASSET_PATHS = "\"Sesi4StateBinding/Preview Content\"";
				DEVELOPMENT_TEAM = 2LV65ZKNC2;
				ENABLE_PREVIEWS = YES;
				GENERATE_INFOPLIST_FILE = YES;
				INFOPLIST_KEY_UIApplicationSceneManifest_Generation = YES;
				INFOPLIST_KEY_UIApplicationSupportsIndirectInputEvents = YES;
				INFOPLIST_KEY_UILaunchScreen_Generation = YES;
				INFOPLIST_KEY_UISupportedInterfaceOrientations_iPad = "UIInterfaceOrientationPortrait UIInterfaceOrientationPortraitUpsideDown UIInterfaceOrientationLandscapeLeft UIInterfaceOrientationLandscapeRight";
				INFOPLIST_KEY_UISupportedInterfaceOrientations_iPhone = "UIInterfaceOrientationPortrait UIInterfaceOrientationLandscapeLeft UIInterfaceOrientationLandscapeRight";
				LD_RUNPATH_SEARCH_PATHS = (
					"$(inherited)",
					"@executable_path/Frameworks",
				);
				MARKETING_VERSION = 1.0;
				PRODUCT_BUNDLE_IDENTIFIER = com.adityahimaone.Sesi4StateBinding;
				PRODUCT_NAME = "$(TARGET_NAME)";
				SWIFT_EMIT_LOC_STRINGS = YES;
				SWIFT_VERSION = 5.0;
				TARGETED_DEVICE_FAMILY = "1,2";
			};
			name = Release;
		};
/* End XCBuildConfiguration section */

/* Begin XCConfigurationList section */
		3B244C5A2B62BD5F007D711F /* Build configuration list for PBXProject "Sesi4StateBinding" */ = {
			isa = XCConfigurationList;
			buildConfigurations = (
				3B244C6B2B62BD62007D711F /* Debug */,
				3B244C6C2B62BD62007D711F /* Release */,
			);
			defaultConfigurationIsVisible = 0;
			defaultConfigurationName = Release;
		};
		3B244C6D2B62BD62007D711F /* Build configuration list for PBXNativeTarget "Sesi4StateBinding" */ = {
			isa = XCConfigurationList;
			buildConfigurations = (
				3B244C6E2B62BD62007D711F /* Debug */,
				3B244C6F2B62BD62007D711F /* Release */,
			);
			defaultConfigurationIsVisible = 0;
			defaultConfigurationName = Release;
		};
/* End XCConfigurationList section */
	};
	rootObject = 3B244C572B62BD5F007D711F /* Project object */;
}
